
Microsoft Visual Studio Solution File, Format Version 12.00
# Visual Studio 15
VisualStudioVersion = 15.0.28307.539
MinimumVisualStudioVersion = 10.0.40219.1
Project("{FAE04EC0-301F-11D3-BF4B-00C04F79EFBC}") = "OnlineAppointmentFixing", "OnlineAppointmentFixing\OnlineAppointmentFixing.csproj", "{30023CD4-E747-4F96-A954-E47F34865D59}"
EndProject
Global
	GlobalSection(SolutionConfigurationPlatforms) = preSolution
		Debug|Any CPU = Debug|Any CPU
		Release|Any CPU = Release|Any CPU
	EndGlobalSection
	GlobalSection(ProjectConfigurationPlatforms) = postSolution
		{30023CD4-E747-4F96-A954-E47F34865D59}.Debug|Any CPU.ActiveCfg = Debug|Any CPU
		{30023CD4-E747-4F96-A954-E47F34865D59}.Debug|Any CPU.Build.0 = Debug|Any CPU
		{30023CD4-E747-4F96-A954-E47F34865D59}.Release|Any CPU.ActiveCfg = Release|Any CPU
		{30023CD4-E747-4F96-A954-E47F34865D59}.Release|Any CPU.Build.0 = Release|Any CPU
	EndGlobalSection
	GlobalSection(SolutionProperties) = preSolution
		HideSolutionNode = FALSE
	EndGlobalSection
	GlobalSection(ExtensibilityGlobals) = postSolution
		SolutionGuid = {5DDBFBCD-A3ED-4DD3-AC3B-20D35341F331}
	EndGlobalSection
EndGlobal
